
Microsoft Visual Studio Solution File, Format Version 12.00
# Visual Studio Version 17
VisualStudioVersion = 17.7.34024.191
MinimumVisualStudioVersion = 10.0.40219.1
Project("{8BC9CEB8-8B4A-11D0-8D11-00A0C91BC942}") = "Clab3", "Clab3\Clab3.vcxproj", "{408A5E07-4791-47D0-8754-AC555BF8ADF4}"
EndProject
Global
	GlobalSection(SolutionConfigurationPlatforms) = preSolution
		Debug|x64 = Debug|x64
		Debug|x86 = Debug|x86
		Release|x64 = Release|x64
		Release|x86 = Release|x86
	EndGlobalSection
	GlobalSection(ProjectConfigurationPlatforms) = postSolution
		{408A5E07-4791-47D0-8754-AC555BF8ADF4}.Debug|x64.ActiveCfg = Debug|x64
		{408A5E07-4791-47D0-8754-AC555BF8ADF4}.Debug|x64.Build.0 = Debug|x64
		{408A5E07-4791-47D0-8754-AC555BF8ADF4}.Debug|x86.ActiveCfg = Debug|Win32
		{408A5E07-4791-47D0-8754-AC555BF8ADF4}.Debug|x86.Build.0 = Debug|Win32
		{408A5E07-4791-47D0-8754-AC555BF8ADF4}.Release|x64.ActiveCfg = Release|x64
		{408A5E07-4791-47D0-8754-AC555BF8ADF4}.Release|x64.Build.0 = Release|x64
		{408A5E07-4791-47D0-8754-AC555BF8ADF4}.Release|x86.ActiveCfg = Release|Win32
		{408A5E07-4791-47D0-8754-AC555BF8ADF4}.Release|x86.Build.0 = Release|Win32
	EndGlobalSection
	GlobalSection(SolutionProperties) = preSolution
		HideSolutionNode = FALSE
	EndGlobalSection
	GlobalSection(ExtensibilityGlobals) = postSolution
		SolutionGuid = {3A5DF4D1-A970-4B7B-BF03-DDD195A3D0E8}
	EndGlobalSection
EndGlobal
